name: 'Lock Threads'

on:
  schedule:
    - cron: '0 0 * * *'

permissions:
  issues: write
  pull-requests: write

concurrency:
  group: lock

jobs:
  action:
    steps:
      - uses: dessant/lock-threads@v3
        with:
          github-token: ${{ github.token }}
          issue-inactive-days: '90'
          issue-lock-reason: 'resolved'
          pr-inactive-days: '365'
          pr-lock-reason: 'resolved'
